
Microsoft Visual Studio Solution File, Format Version 12.00
# Visual Studio Version 17
Project("{2150E333-8FDC-42A3-9474-1A3956D46DE8}") = "Solution Items", "Solution Items", "{C861B4B2-34C3-91C0-BD30-D8722991C87F}"
	ProjectSection(SolutionItems) = preProject
		Config/ModLoaderInfo.ini = Config/ModLoaderInfo.ini
		Config/NoOverwrite.ini = Config/NoOverwrite.ini
		README.md = README.md
		Modding.md = Modding.md
	EndProjectSection
EndProject
Project("{2150E333-8FDC-42A3-9474-1A3956D46DE8}") = "Example-Mods", "Example-Mods", "{B81C44FC-A400-0552-0D61-FFA4F963EFD3}"
EndProject
Project("{8BC9CEB8-8B4A-11D0-8D11-00A0C91BC942}") = "PresetMod", "ExampleMods\PresetMod\PresetMod.vcxproj", "{B87CB000-24E7-6477-6D25-161DD9CE42CC}"
	ProjectSection(ProjectDependencies) = postProject
		{0F4A9865-FB6E-E7E5-24BA-CC75103EE603} = {0F4A9865-FB6E-E7E5-24BA-CC75103EE603}
		{A066E1C6-0C46-6062-155E-EB3881BCC6C3} = {A066E1C6-0C46-6062-155E-EB3881BCC6C3}
	EndProjectSection
EndProject
Project("{8BC9CEB8-8B4A-11D0-8D11-00A0C91BC942}") = "TimeWeatherChanger", "ExampleMods\TimeWeatherChanger\TimeWeatherChanger.vcxproj", "{5C9D86B2-4881-4708-B1E1-415B9DE4318A}"
	ProjectSection(ProjectDependencies) = postProject
		{0F4A9865-FB6E-E7E5-24BA-CC75103EE603} = {0F4A9865-FB6E-E7E5-24BA-CC75103EE603}
		{A066E1C6-0C46-6062-155E-EB3881BCC6C3} = {A066E1C6-0C46-6062-155E-EB3881BCC6C3}
	EndProjectSection
EndProject
Project("{2150E333-8FDC-42A3-9474-1A3956D46DE8}") = "MDML", "MDML", "{1660C85D-0218-0AAB-6B1F-E30657F6A49B}"
EndProject
Project("{8BC9CEB8-8B4A-11D0-8D11-00A0C91BC942}") = "BaseMod", "BaseMod\BaseMod.vcxproj", "{A066E1C6-0C46-6062-155E-EB3881BCC6C3}"
	ProjectSection(ProjectDependencies) = postProject
		{0F4A9865-FB6E-E7E5-24BA-CC75103EE603} = {0F4A9865-FB6E-E7E5-24BA-CC75103EE603}
	EndProjectSection
EndProject
Project("{8BC9CEB8-8B4A-11D0-8D11-00A0C91BC942}") = "LoaderAutoInjector", "LoaderAutoInjector\LoaderAutoInjector.vcxproj", "{33873803-1F6B-F958-88CB-F3AB74CEE3DA}"
EndProject
Project("{8BC9CEB8-8B4A-11D0-8D11-00A0C91BC942}") = "MedievalDynastyModLoader", "ModLoader\MedievalDynastyModLoader.vcxproj", "{0F4A9865-FB6E-E7E5-24BA-CC75103EE603}"
EndProject
Project("{8BC9CEB8-8B4A-11D0-8D11-00A0C91BC942}") = "SDK", "SDK\SDK.vcxproj", "{071D880B-7326-887C-FCA1-9E7C68AA937C}"
EndProject
Global
	GlobalSection(SolutionConfigurationPlatforms) = preSolution
		Release|x64 = Release|x64
	EndGlobalSection
	GlobalSection(ProjectConfigurationPlatforms) = postSolution
		{B87CB000-24E7-6477-6D25-161DD9CE42CC}.Release|x64.ActiveCfg = Release|x64
		{B87CB000-24E7-6477-6D25-161DD9CE42CC}.Release|x64.Build.0 = Release|x64
		{5C9D86B2-4881-4708-B1E1-415B9DE4318A}.Release|x64.ActiveCfg = Release|x64
		{5C9D86B2-4881-4708-B1E1-415B9DE4318A}.Release|x64.Build.0 = Release|x64
		{A066E1C6-0C46-6062-155E-EB3881BCC6C3}.Release|x64.ActiveCfg = Release|x64
		{A066E1C6-0C46-6062-155E-EB3881BCC6C3}.Release|x64.Build.0 = Release|x64
		{33873803-1F6B-F958-88CB-F3AB74CEE3DA}.Release|x64.ActiveCfg = Release|x64
		{33873803-1F6B-F958-88CB-F3AB74CEE3DA}.Release|x64.Build.0 = Release|x64
		{0F4A9865-FB6E-E7E5-24BA-CC75103EE603}.Release|x64.ActiveCfg = Release|x64
		{0F4A9865-FB6E-E7E5-24BA-CC75103EE603}.Release|x64.Build.0 = Release|x64
		{071D880B-7326-887C-FCA1-9E7C68AA937C}.Release|x64.ActiveCfg = Release|x64
		{071D880B-7326-887C-FCA1-9E7C68AA937C}.Release|x64.Build.0 = Release|x64
	EndGlobalSection
	GlobalSection(SolutionProperties) = preSolution
		HideSolutionNode = FALSE
	EndGlobalSection
	GlobalSection(NestedProjects) = preSolution
		{B87CB000-24E7-6477-6D25-161DD9CE42CC} = {B81C44FC-A400-0552-0D61-FFA4F963EFD3}
		{5C9D86B2-4881-4708-B1E1-415B9DE4318A} = {B81C44FC-A400-0552-0D61-FFA4F963EFD3}
		{A066E1C6-0C46-6062-155E-EB3881BCC6C3} = {1660C85D-0218-0AAB-6B1F-E30657F6A49B}
		{33873803-1F6B-F958-88CB-F3AB74CEE3DA} = {1660C85D-0218-0AAB-6B1F-E30657F6A49B}
		{0F4A9865-FB6E-E7E5-24BA-CC75103EE603} = {1660C85D-0218-0AAB-6B1F-E30657F6A49B}
		{071D880B-7326-887C-FCA1-9E7C68AA937C} = {1660C85D-0218-0AAB-6B1F-E30657F6A49B}
	EndGlobalSection
EndGlobal
