<?xml version="1.0" encoding="utf-8"?>
<Project ToolsVersion="4.0" xmlns="http://schemas.microsoft.com/developer/msbuild/2003">
  <ItemGroup>
    <Filter Include="src">
      <UniqueIdentifier>{2DAB880B-99B4-887C-2230-9F7C8E38947C}</UniqueIdentifier>
    </Filter>
    <Filter Include="src\Mod">
      <UniqueIdentifier>{BC952FA9-2875-AE44-318D-391B9DEB14A6}</UniqueIdentifier>
    </Filter>
    <Filter Include="src\UI">
      <UniqueIdentifier>{3A4B661C-26ED-90F2-0FA8-A446FBE81743}</UniqueIdentifier>
    </Filter>
    <Filter Include="src\UI\ImGuiColorTextEdit">
      <UniqueIdentifier>{CE2C1FEC-3AEF-5276-839F-E102EFA02B54}</UniqueIdentifier>
    </Filter>
    <Filter Include="src\Utilities">
      <UniqueIdentifier>{D86B3A83-442C-B6B9-0D67-FF3679E6FA95}</UniqueIdentifier>
    </Filter>
    <Filter Include="vendor">
      <UniqueIdentifier>{B3738122-9F15-ACF8-88D0-BF4C74113349}</UniqueIdentifier>
    </Filter>
    <Filter Include="vendor\INI">
      <UniqueIdentifier>{E21BC5A8-CED3-06F6-37DB-DF5123B2A1E6}</UniqueIdentifier>
    </Filter>
    <Filter Include="vendor\ImGui">
      <UniqueIdentifier>{1DA38CEE-0906-1C93-B28B-54499ECDE715}</UniqueIdentifier>
    </Filter>
    <Filter Include="vendor\ImGui\imgui">
      <UniqueIdentifier>{47D2DF29-33B6-A07F-9C16-9BD288198B01}</UniqueIdentifier>
    </Filter>
    <Filter Include="vendor\MinHook">
      <UniqueIdentifier>{B7657FF1-A333-73F7-8CC7-E31D78344F5C}</UniqueIdentifier>
    </Filter>
    <Filter Include="vendor\MinHook\include">
      <UniqueIdentifier>{2A549658-164E-BFAA-FFBA-55BBEB532517}</UniqueIdentifier>
    </Filter>
    <Filter Include="vendor\glm">
      <UniqueIdentifier>{829FC5A8-6E57-07F6-D75E-E051C335A2E6}</UniqueIdentifier>
    </Filter>
    <Filter Include="vendor\glm\glm">
      <UniqueIdentifier>{D11AC9C9-BDE8-BCCF-A67C-2DF692E99834}</UniqueIdentifier>
    </Filter>
    <Filter Include="vendor\glm\glm\detail">
      <UniqueIdentifier>{739DA071-DF09-5C6C-A8FD-F3C914297ED4}</UniqueIdentifier>
    </Filter>
    <Filter Include="vendor\glm\glm\ext">
      <UniqueIdentifier>{B19EA76B-9D82-68C1-06E3-6214F2E55243}</UniqueIdentifier>
    </Filter>
    <Filter Include="vendor\glm\glm\gtc">
      <UniqueIdentifier>{9EA6A76B-8A8A-68C1-F3EA-6214DFED5243}</UniqueIdentifier>
    </Filter>
    <Filter Include="vendor\glm\glm\gtx">
      <UniqueIdentifier>{B3A6A76B-9F8A-68C1-08EB-6214F4ED5243}</UniqueIdentifier>
    </Filter>
    <Filter Include="vendor\glm\glm\simd">
      <UniqueIdentifier>{CDE1A2E0-3943-80EE-C2B0-C6A02E11B7AD}</UniqueIdentifier>
    </Filter>
    <Filter Include="vendor\spdlog">
      <UniqueIdentifier>{8BBC5F22-F77C-DB58-C0B7-24D62C372035}</UniqueIdentifier>
    </Filter>
    <Filter Include="vendor\spdlog\spdlog">
      <UniqueIdentifier>{63A2E8B7-4F31-7281-F84F-867CE4BD8227}</UniqueIdentifier>
    </Filter>
    <Filter Include="vendor\spdlog\spdlog\cfg">
      <UniqueIdentifier>{629484E6-4EB9-D366-7704-B9F66388D284}</UniqueIdentifier>
    </Filter>
    <Filter Include="vendor\spdlog\spdlog\details">
      <UniqueIdentifier>{D8456351-C400-53FD-6DB8-CB4759529D8D}</UniqueIdentifier>
    </Filter>
    <Filter Include="vendor\spdlog\spdlog\fmt">
      <UniqueIdentifier>{19A284E6-05C7-D366-2E12-B9F61A96D284}</UniqueIdentifier>
    </Filter>
    <Filter Include="vendor\spdlog\spdlog\fmt\bundled">
      <UniqueIdentifier>{06CAF93A-F21A-E57C-1B7F-D33E072F78E6}</UniqueIdentifier>
    </Filter>
    <Filter Include="vendor\spdlog\spdlog\sinks">
      <UniqueIdentifier>{1A8E1E9B-069E-CA6B-6F57-2F8A5B86B904}</UniqueIdentifier>
    </Filter>
  </ItemGroup>
  <ItemGroup>
    <ClInclude Include="src\Core.h">
      <Filter>src</Filter>
    </ClInclude>
    <ClInclude Include="src\GameInfo.h">
      <Filter>src</Filter>
    </ClInclude>
    <ClInclude Include="src\Globals.h">
      <Filter>src</Filter>
    </ClInclude>
    <ClInclude Include="src\MDML.h">
      <Filter>src</Filter>
    </ClInclude>
    <ClInclude Include="src\Mod\Mod.h">
      <Filter>src\Mod</Filter>
    </ClInclude>
    <ClInclude Include="src\Mod\ModLoader.h">
      <Filter>src\Mod</Filter>
    </ClInclude>
    <ClInclude Include="src\Mod\ModStack.h">
      <Filter>src\Mod</Filter>
    </ClInclude>
    <ClInclude Include="src\UI\ImGuiColorTextEdit\TextEditor.h">
      <Filter>src\UI\ImGuiColorTextEdit</Filter>
    </ClInclude>
    <ClInclude Include="src\UI\LoaderUI.h">
      <Filter>src\UI</Filter>
    </ClInclude>
    <ClInclude Include="src\Utilities\Dumper.h">
      <Filter>src\Utilities</Filter>
    </ClInclude>
    <ClInclude Include="src\Utilities\EngineDefFinder.h">
      <Filter>src\Utilities</Filter>
    </ClInclude>
    <ClInclude Include="src\Utilities\HooksManager.h">
      <Filter>src\Utilities</Filter>
    </ClInclude>
    <ClInclude Include="src\Utilities\Logger.h">
      <Filter>src\Utilities</Filter>
    </ClInclude>
    <ClInclude Include="src\Utilities\Math.h">
      <Filter>src\Utilities</Filter>
    </ClInclude>
    <ClInclude Include="src\Utilities\Memory.h">
      <Filter>src\Utilities</Filter>
    </ClInclude>
    <ClInclude Include="src\Utilities\MinHook.h">
      <Filter>src\Utilities</Filter>
    </ClInclude>
    <ClInclude Include="src\Utilities\Pattern.h">
      <Filter>src\Utilities</Filter>
    </ClInclude>
    <ClInclude Include="vendor\INI\INI.h">
      <Filter>vendor\INI</Filter>
    </ClInclude>
    <ClInclude Include="vendor\ImGui\imgui\imconfig.h">
      <Filter>vendor\ImGui\imgui</Filter>
    </ClInclude>
    <ClInclude Include="vendor\ImGui\imgui\imgui.h">
      <Filter>vendor\ImGui\imgui</Filter>
    </ClInclude>
    <ClInclude Include="vendor\ImGui\imgui\imgui_impl_dx11.h">
      <Filter>vendor\ImGui\imgui</Filter>
    </ClInclude>
    <ClInclude Include="vendor\ImGui\imgui\imgui_impl_win32.h">
      <Filter>vendor\ImGui\imgui</Filter>
    </ClInclude>
    <ClInclude Include="vendor\ImGui\imgui\imgui_internal.h">
      <Filter>vendor\ImGui\imgui</Filter>
    </ClInclude>
    <ClInclude Include="vendor\ImGui\imgui\imgui_stdlib.h">
      <Filter>vendor\ImGui\imgui</Filter>
    </ClInclude>
    <ClInclude Include="vendor\ImGui\imgui\imstb_rectpack.h">
      <Filter>vendor\ImGui\imgui</Filter>
    </ClInclude>
    <ClInclude Include="vendor\ImGui\imgui\imstb_textedit.h">
      <Filter>vendor\ImGui\imgui</Filter>
    </ClInclude>
    <ClInclude Include="vendor\ImGui\imgui\imstb_truetype.h">
      <Filter>vendor\ImGui\imgui</Filter>
    </ClInclude>
    <ClInclude Include="vendor\MinHook\include\MinHook.h">
      <Filter>vendor\MinHook\include</Filter>
    </ClInclude>
    <ClInclude Include="vendor\glm\glm\common.hpp">
      <Filter>vendor\glm\glm</Filter>
    </ClInclude>
    <ClInclude Include="vendor\glm\glm\detail\_features.hpp">
      <Filter>vendor\glm\glm\detail</Filter>
    </ClInclude>
    <ClInclude Include="vendor\glm\glm\detail\_fixes.hpp">
      <Filter>vendor\glm\glm\detail</Filter>
    </ClInclude>
    <ClInclude Include="vendor\glm\glm\detail\_noise.hpp">
      <Filter>vendor\glm\glm\detail</Filter>
    </ClInclude>
    <ClInclude Include="vendor\glm\glm\detail\_swizzle.hpp">
      <Filter>vendor\glm\glm\detail</Filter>
    </ClInclude>
    <ClInclude Include="vendor\glm\glm\detail\_swizzle_func.hpp">
      <Filter>vendor\glm\glm\detail</Filter>
    </ClInclude>
    <ClInclude Include="vendor\glm\glm\detail\_vectorize.hpp">
      <Filter>vendor\glm\glm\detail</Filter>
    </ClInclude>
    <ClInclude Include="vendor\glm\glm\detail\compute_common.hpp">
      <Filter>vendor\glm\glm\detail</Filter>
    </ClInclude>
    <ClInclude Include="vendor\glm\glm\detail\compute_vector_relational.hpp">
      <Filter>vendor\glm\glm\detail</Filter>
    </ClInclude>
    <ClInclude Include="vendor\glm\glm\detail\qualifier.hpp">
      <Filter>vendor\glm\glm\detail</Filter>
    </ClInclude>
    <ClInclude Include="vendor\glm\glm\detail\setup.hpp">
      <Filter>vendor\glm\glm\detail</Filter>
    </ClInclude>
    <ClInclude Include="vendor\glm\glm\detail\type_float.hpp">
      <Filter>vendor\glm\glm\detail</Filter>
    </ClInclude>
    <ClInclude Include="vendor\glm\glm\detail\type_half.hpp">
      <Filter>vendor\glm\glm\detail</Filter>
    </ClInclude>
    <ClInclude Include="vendor\glm\glm\detail\type_mat2x2.hpp">
      <Filter>vendor\glm\glm\detail</Filter>
    </ClInclude>
    <ClInclude Include="vendor\glm\glm\detail\type_mat2x3.hpp">
      <Filter>vendor\glm\glm\detail</Filter>
    </ClInclude>
    <ClInclude Include="vendor\glm\glm\detail\type_mat2x4.hpp">
      <Filter>vendor\glm\glm\detail</Filter>
    </ClInclude>
    <ClInclude Include="vendor\glm\glm\detail\type_mat3x2.hpp">
      <Filter>vendor\glm\glm\detail</Filter>
    </ClInclude>
    <ClInclude Include="vendor\glm\glm\detail\type_mat3x3.hpp">
      <Filter>vendor\glm\glm\detail</Filter>
    </ClInclude>
    <ClInclude Include="vendor\glm\glm\detail\type_mat3x4.hpp">
      <Filter>vendor\glm\glm\detail</Filter>
    </ClInclude>
    <ClInclude Include="vendor\glm\glm\detail\type_mat4x2.hpp">
      <Filter>vendor\glm\glm\detail</Filter>
    </ClInclude>
    <ClInclude Include="vendor\glm\glm\detail\type_mat4x3.hpp">
      <Filter>vendor\glm\glm\detail</Filter>
    </ClInclude>
    <ClInclude Include="vendor\glm\glm\detail\type_mat4x4.hpp">
      <Filter>vendor\glm\glm\detail</Filter>
    </ClInclude>
    <ClInclude Include="vendor\glm\glm\detail\type_quat.hpp">
      <Filter>vendor\glm\glm\detail</Filter>
    </ClInclude>
    <ClInclude Include="vendor\glm\glm\detail\type_vec1.hpp">
      <Filter>vendor\glm\glm\detail</Filter>
    </ClInclude>
    <ClInclude Include="vendor\glm\glm\detail\type_vec2.hpp">
      <Filter>vendor\glm\glm\detail</Filter>
    </ClInclude>
    <ClInclude Include="vendor\glm\glm\detail\type_vec3.hpp">
      <Filter>vendor\glm\glm\detail</Filter>
    </ClInclude>
    <ClInclude Include="vendor\glm\glm\detail\type_vec4.hpp">
      <Filter>vendor\glm\glm\detail</Filter>
    </ClInclude>
    <ClInclude Include="vendor\glm\glm\exponential.hpp">
      <Filter>vendor\glm\glm</Filter>
    </ClInclude>
    <ClInclude Include="vendor\glm\glm\ext.hpp">
      <Filter>vendor\glm\glm</Filter>
    </ClInclude>
    <ClInclude Include="vendor\glm\glm\ext\matrix_clip_space.hpp">
      <Filter>vendor\glm\glm\ext</Filter>
    </ClInclude>
    <ClInclude Include="vendor\glm\glm\ext\matrix_common.hpp">
      <Filter>vendor\glm\glm\ext</Filter>
    </ClInclude>
    <ClInclude Include="vendor\glm\glm\ext\matrix_double2x2.hpp">
      <Filter>vendor\glm\glm\ext</Filter>
    </ClInclude>
    <ClInclude Include="vendor\glm\glm\ext\matrix_double2x2_precision.hpp">
      <Filter>vendor\glm\glm\ext</Filter>
    </ClInclude>
    <ClInclude Include="vendor\glm\glm\ext\matrix_double2x3.hpp">
      <Filter>vendor\glm\glm\ext</Filter>
    </ClInclude>
    <ClInclude Include="vendor\glm\glm\ext\matrix_double2x3_precision.hpp">
      <Filter>vendor\glm\glm\ext</Filter>
    </ClInclude>
    <ClInclude Include="vendor\glm\glm\ext\matrix_double2x4.hpp">
      <Filter>vendor\glm\glm\ext</Filter>
    </ClInclude>
    <ClInclude Include="vendor\glm\glm\ext\matrix_double2x4_precision.hpp">
      <Filter>vendor\glm\glm\ext</Filter>
    </ClInclude>
    <ClInclude Include="vendor\glm\glm\ext\matrix_double3x2.hpp">
      <Filter>vendor\glm\glm\ext</Filter>
    </ClInclude>
    <ClInclude Include="vendor\glm\glm\ext\matrix_double3x2_precision.hpp">
      <Filter>vendor\glm\glm\ext</Filter>
    </ClInclude>
    <ClInclude Include="vendor\glm\glm\ext\matrix_double3x3.hpp">
      <Filter>vendor\glm\glm\ext</Filter>
    </ClInclude>
    <ClInclude Include="vendor\glm\glm\ext\matrix_double3x3_precision.hpp">
      <Filter>vendor\glm\glm\ext</Filter>
    </ClInclude>
    <ClInclude Include="vendor\glm\glm\ext\matrix_double3x4.hpp">
      <Filter>vendor\glm\glm\ext</Filter>
    </ClInclude>
    <ClInclude Include="vendor\glm\glm\ext\matrix_double3x4_precision.hpp">
      <Filter>vendor\glm\glm\ext</Filter>
    </ClInclude>
    <ClInclude Include="vendor\glm\glm\ext\matrix_double4x2.hpp">
      <Filter>vendor\glm\glm\ext</Filter>
    </ClInclude>
    <ClInclude Include="vendor\glm\glm\ext\matrix_double4x2_precision.hpp">
      <Filter>vendor\glm\glm\ext</Filter>
    </ClInclude>
    <ClInclude Include="vendor\glm\glm\ext\matrix_double4x3.hpp">
      <Filter>vendor\glm\glm\ext</Filter>
    </ClInclude>
    <ClInclude Include="vendor\glm\glm\ext\matrix_double4x3_precision.hpp">
      <Filter>vendor\glm\glm\ext</Filter>
    </ClInclude>
    <ClInclude Include="vendor\glm\glm\ext\matrix_double4x4.hpp">
      <Filter>vendor\glm\glm\ext</Filter>
    </ClInclude>
    <ClInclude Include="vendor\glm\glm\ext\matrix_double4x4_precision.hpp">
      <Filter>vendor\glm\glm\ext</Filter>
    </ClInclude>
    <ClInclude Include="vendor\glm\glm\ext\matrix_float2x2.hpp">
      <Filter>vendor\glm\glm\ext</Filter>
    </ClInclude>
    <ClInclude Include="vendor\glm\glm\ext\matrix_float2x2_precision.hpp">
      <Filter>vendor\glm\glm\ext</Filter>
    </ClInclude>
    <ClInclude Include="vendor\glm\glm\ext\matrix_float2x3.hpp">
      <Filter>vendor\glm\glm\ext</Filter>
    </ClInclude>
    <ClInclude Include="vendor\glm\glm\ext\matrix_float2x3_precision.hpp">
      <Filter>vendor\glm\glm\ext</Filter>
    </ClInclude>
    <ClInclude Include="vendor\glm\glm\ext\matrix_float2x4.hpp">
      <Filter>vendor\glm\glm\ext</Filter>
    </ClInclude>
    <ClInclude Include="vendor\glm\glm\ext\matrix_float2x4_precision.hpp">
      <Filter>vendor\glm\glm\ext</Filter>
    </ClInclude>
    <ClInclude Include="vendor\glm\glm\ext\matrix_float3x2.hpp">
      <Filter>vendor\glm\glm\ext</Filter>
    </ClInclude>
    <ClInclude Include="vendor\glm\glm\ext\matrix_float3x2_precision.hpp">
      <Filter>vendor\glm\glm\ext</Filter>
    </ClInclude>
    <ClInclude Include="vendor\glm\glm\ext\matrix_float3x3.hpp">
      <Filter>vendor\glm\glm\ext</Filter>
    </ClInclude>
    <ClInclude Include="vendor\glm\glm\ext\matrix_float3x3_precision.hpp">
      <Filter>vendor\glm\glm\ext</Filter>
    </ClInclude>
    <ClInclude Include="vendor\glm\glm\ext\matrix_float3x4.hpp">
      <Filter>vendor\glm\glm\ext</Filter>
    </ClInclude>
    <ClInclude Include="vendor\glm\glm\ext\matrix_float3x4_precision.hpp">
      <Filter>vendor\glm\glm\ext</Filter>
    </ClInclude>
    <ClInclude Include="vendor\glm\glm\ext\matrix_float4x2.hpp">
      <Filter>vendor\glm\glm\ext</Filter>
    </ClInclude>
    <ClInclude Include="vendor\glm\glm\ext\matrix_float4x2_precision.hpp">
      <Filter>vendor\glm\glm\ext</Filter>
    </ClInclude>
    <ClInclude Include="vendor\glm\glm\ext\matrix_float4x3.hpp">
      <Filter>vendor\glm\glm\ext</Filter>
    </ClInclude>
    <ClInclude Include="vendor\glm\glm\ext\matrix_float4x3_precision.hpp">
      <Filter>vendor\glm\glm\ext</Filter>
    </ClInclude>
    <ClInclude Include="vendor\glm\glm\ext\matrix_float4x4.hpp">
      <Filter>vendor\glm\glm\ext</Filter>
    </ClInclude>
    <ClInclude Include="vendor\glm\glm\ext\matrix_float4x4_precision.hpp">
      <Filter>vendor\glm\glm\ext</Filter>
    </ClInclude>
    <ClInclude Include="vendor\glm\glm\ext\matrix_int2x2.hpp">
      <Filter>vendor\glm\glm\ext</Filter>
    </ClInclude>
    <ClInclude Include="vendor\glm\glm\ext\matrix_int2x2_sized.hpp">
      <Filter>vendor\glm\glm\ext</Filter>
    </ClInclude>
    <ClInclude Include="vendor\glm\glm\ext\matrix_int2x3.hpp">
      <Filter>vendor\glm\glm\ext</Filter>
    </ClInclude>
    <ClInclude Include="vendor\glm\glm\ext\matrix_int2x3_sized.hpp">
      <Filter>vendor\glm\glm\ext</Filter>
    </ClInclude>
    <ClInclude Include="vendor\glm\glm\ext\matrix_int2x4.hpp">
      <Filter>vendor\glm\glm\ext</Filter>
    </ClInclude>
    <ClInclude Include="vendor\glm\glm\ext\matrix_int2x4_sized.hpp">
      <Filter>vendor\glm\glm\ext</Filter>
    </ClInclude>
    <ClInclude Include="vendor\glm\glm\ext\matrix_int3x2.hpp">
      <Filter>vendor\glm\glm\ext</Filter>
    </ClInclude>
    <ClInclude Include="vendor\glm\glm\ext\matrix_int3x2_sized.hpp">
      <Filter>vendor\glm\glm\ext</Filter>
    </ClInclude>
    <ClInclude Include="vendor\glm\glm\ext\matrix_int3x3.hpp">
      <Filter>vendor\glm\glm\ext</Filter>
    </ClInclude>
    <ClInclude Include="vendor\glm\glm\ext\matrix_int3x3_sized.hpp">
      <Filter>vendor\glm\glm\ext</Filter>
    </ClInclude>
    <ClInclude Include="vendor\glm\glm\ext\matrix_int3x4.hpp">
      <Filter>vendor\glm\glm\ext</Filter>
    </ClInclude>
    <ClInclude Include="vendor\glm\glm\ext\matrix_int3x4_sized.hpp">
      <Filter>vendor\glm\glm\ext</Filter>
    </ClInclude>
    <ClInclude Include="vendor\glm\glm\ext\matrix_int4x2.hpp">
      <Filter>vendor\glm\glm\ext</Filter>
    </ClInclude>
    <ClInclude Include="vendor\glm\glm\ext\matrix_int4x2_sized.hpp">
      <Filter>vendor\glm\glm\ext</Filter>
    </ClInclude>
    <ClInclude Include="vendor\glm\glm\ext\matrix_int4x3.hpp">
      <Filter>vendor\glm\glm\ext</Filter>
    </ClInclude>
    <ClInclude Include="vendor\glm\glm\ext\matrix_int4x3_sized.hpp">
      <Filter>vendor\glm\glm\ext</Filter>
    </ClInclude>
    <ClInclude Include="vendor\glm\glm\ext\matrix_int4x4.hpp">
      <Filter>vendor\glm\glm\ext</Filter>
    </ClInclude>
    <ClInclude Include="vendor\glm\glm\ext\matrix_int4x4_sized.hpp">
      <Filter>vendor\glm\glm\ext</Filter>
    </ClInclude>
    <ClInclude Include="vendor\glm\glm\ext\matrix_integer.hpp">
      <Filter>vendor\glm\glm\ext</Filter>
    </ClInclude>
    <ClInclude Include="vendor\glm\glm\ext\matrix_projection.hpp">
      <Filter>vendor\glm\glm\ext</Filter>
    </ClInclude>
    <ClInclude Include="vendor\glm\glm\ext\matrix_relational.hpp">
      <Filter>vendor\glm\glm\ext</Filter>
    </ClInclude>
    <ClInclude Include="vendor\glm\glm\ext\matrix_transform.hpp">
      <Filter>vendor\glm\glm\ext</Filter>
    </ClInclude>
    <ClInclude Include="vendor\glm\glm\ext\matrix_uint2x2.hpp">
      <Filter>vendor\glm\glm\ext</Filter>
    </ClInclude>
    <ClInclude Include="vendor\glm\glm\ext\matrix_uint2x2_sized.hpp">
      <Filter>vendor\glm\glm\ext</Filter>
    </ClInclude>
    <ClInclude Include="vendor\glm\glm\ext\matrix_uint2x3.hpp">
      <Filter>vendor\glm\glm\ext</Filter>
    </ClInclude>
    <ClInclude Include="vendor\glm\glm\ext\matrix_uint2x3_sized.hpp">
      <Filter>vendor\glm\glm\ext</Filter>
    </ClInclude>
    <ClInclude Include="vendor\glm\glm\ext\matrix_uint2x4.hpp">
      <Filter>vendor\glm\glm\ext</Filter>
    </ClInclude>
    <ClInclude Include="vendor\glm\glm\ext\matrix_uint2x4_sized.hpp">
      <Filter>vendor\glm\glm\ext</Filter>
    </ClInclude>
    <ClInclude Include="vendor\glm\glm\ext\matrix_uint3x2.hpp">
      <Filter>vendor\glm\glm\ext</Filter>
    </ClInclude>
    <ClInclude Include="vendor\glm\glm\ext\matrix_uint3x2_sized.hpp">
      <Filter>vendor\glm\glm\ext</Filter>
    </ClInclude>
    <ClInclude Include="vendor\glm\glm\ext\matrix_uint3x3.hpp">
      <Filter>vendor\glm\glm\ext</Filter>
    </ClInclude>
    <ClInclude Include="vendor\glm\glm\ext\matrix_uint3x3_sized.hpp">
      <Filter>vendor\glm\glm\ext</Filter>
    </ClInclude>
    <ClInclude Include="vendor\glm\glm\ext\matrix_uint3x4.hpp">
      <Filter>vendor\glm\glm\ext</Filter>
    </ClInclude>
    <ClInclude Include="vendor\glm\glm\ext\matrix_uint3x4_sized.hpp">
      <Filter>vendor\glm\glm\ext</Filter>
    </ClInclude>
    <ClInclude Include="vendor\glm\glm\ext\matrix_uint4x2.hpp">
      <Filter>vendor\glm\glm\ext</Filter>
    </ClInclude>
    <ClInclude Include="vendor\glm\glm\ext\matrix_uint4x2_sized.hpp">
      <Filter>vendor\glm\glm\ext</Filter>
    </ClInclude>
    <ClInclude Include="vendor\glm\glm\ext\matrix_uint4x3.hpp">
      <Filter>vendor\glm\glm\ext</Filter>
    </ClInclude>
    <ClInclude Include="vendor\glm\glm\ext\matrix_uint4x3_sized.hpp">
      <Filter>vendor\glm\glm\ext</Filter>
    </ClInclude>
    <ClInclude Include="vendor\glm\glm\ext\matrix_uint4x4.hpp">
      <Filter>vendor\glm\glm\ext</Filter>
    </ClInclude>
    <ClInclude Include="vendor\glm\glm\ext\matrix_uint4x4_sized.hpp">
      <Filter>vendor\glm\glm\ext</Filter>
    </ClInclude>
    <ClInclude Include="vendor\glm\glm\ext\quaternion_common.hpp">
      <Filter>vendor\glm\glm\ext</Filter>
    </ClInclude>
    <ClInclude Include="vendor\glm\glm\ext\quaternion_double.hpp">
      <Filter>vendor\glm\glm\ext</Filter>
    </ClInclude>
    <ClInclude Include="vendor\glm\glm\ext\quaternion_double_precision.hpp">
      <Filter>vendor\glm\glm\ext</Filter>
    </ClInclude>
    <ClInclude Include="vendor\glm\glm\ext\quaternion_exponential.hpp">
      <Filter>vendor\glm\glm\ext</Filter>
    </ClInclude>
    <ClInclude Include="vendor\glm\glm\ext\quaternion_float.hpp">
      <Filter>vendor\glm\glm\ext</Filter>
    </ClInclude>
    <ClInclude Include="vendor\glm\glm\ext\quaternion_float_precision.hpp">
      <Filter>vendor\glm\glm\ext</Filter>
    </ClInclude>
    <ClInclude Include="vendor\glm\glm\ext\quaternion_geometric.hpp">
      <Filter>vendor\glm\glm\ext</Filter>
    </ClInclude>
    <ClInclude Include="vendor\glm\glm\ext\quaternion_relational.hpp">
      <Filter>vendor\glm\glm\ext</Filter>
    </ClInclude>
    <ClInclude Include="vendor\glm\glm\ext\quaternion_transform.hpp">
      <Filter>vendor\glm\glm\ext</Filter>
    </ClInclude>
    <ClInclude Include="vendor\glm\glm\ext\quaternion_trigonometric.hpp">
      <Filter>vendor\glm\glm\ext</Filter>
    </ClInclude>
    <ClInclude Include="vendor\glm\glm\ext\scalar_common.hpp">
      <Filter>vendor\glm\glm\ext</Filter>
    </ClInclude>
    <ClInclude Include="vendor\glm\glm\ext\scalar_constants.hpp">
      <Filter>vendor\glm\glm\ext</Filter>
    </ClInclude>
    <ClInclude Include="vendor\glm\glm\ext\scalar_int_sized.hpp">
      <Filter>vendor\glm\glm\ext</Filter>
    </ClInclude>
    <ClInclude Include="vendor\glm\glm\ext\scalar_integer.hpp">
      <Filter>vendor\glm\glm\ext</Filter>
    </ClInclude>
    <ClInclude Include="vendor\glm\glm\ext\scalar_packing.hpp">
      <Filter>vendor\glm\glm\ext</Filter>
    </ClInclude>
    <ClInclude Include="vendor\glm\glm\ext\scalar_reciprocal.hpp">
      <Filter>vendor\glm\glm\ext</Filter>
    </ClInclude>
    <ClInclude Include="vendor\glm\glm\ext\scalar_relational.hpp">
      <Filter>vendor\glm\glm\ext</Filter>
    </ClInclude>
    <ClInclude Include="vendor\glm\glm\ext\scalar_uint_sized.hpp">
      <Filter>vendor\glm\glm\ext</Filter>
    </ClInclude>
    <ClInclude Include="vendor\glm\glm\ext\scalar_ulp.hpp">
      <Filter>vendor\glm\glm\ext</Filter>
    </ClInclude>
    <ClInclude Include="vendor\glm\glm\ext\vector_bool1.hpp">
      <Filter>vendor\glm\glm\ext</Filter>
    </ClInclude>
    <ClInclude Include="vendor\glm\glm\ext\vector_bool1_precision.hpp">
      <Filter>vendor\glm\glm\ext</Filter>
    </ClInclude>
    <ClInclude Include="vendor\glm\glm\ext\vector_bool2.hpp">
      <Filter>vendor\glm\glm\ext</Filter>
    </ClInclude>
    <ClInclude Include="vendor\glm\glm\ext\vector_bool2_precision.hpp">
      <Filter>vendor\glm\glm\ext</Filter>
    </ClInclude>
    <ClInclude Include="vendor\glm\glm\ext\vector_bool3.hpp">
      <Filter>vendor\glm\glm\ext</Filter>
    </ClInclude>
    <ClInclude Include="vendor\glm\glm\ext\vector_bool3_precision.hpp">
      <Filter>vendor\glm\glm\ext</Filter>
    </ClInclude>
    <ClInclude Include="vendor\glm\glm\ext\vector_bool4.hpp">
      <Filter>vendor\glm\glm\ext</Filter>
    </ClInclude>
    <ClInclude Include="vendor\glm\glm\ext\vector_bool4_precision.hpp">
      <Filter>vendor\glm\glm\ext</Filter>
    </ClInclude>
    <ClInclude Include="vendor\glm\glm\ext\vector_common.hpp">
      <Filter>vendor\glm\glm\ext</Filter>
    </ClInclude>
    <ClInclude Include="vendor\glm\glm\ext\vector_double1.hpp">
      <Filter>vendor\glm\glm\ext</Filter>
    </ClInclude>
    <ClInclude Include="vendor\glm\glm\ext\vector_double1_precision.hpp">
      <Filter>vendor\glm\glm\ext</Filter>
    </ClInclude>
    <ClInclude Include="vendor\glm\glm\ext\vector_double2.hpp">
      <Filter>vendor\glm\glm\ext</Filter>
    </ClInclude>
    <ClInclude Include="vendor\glm\glm\ext\vector_double2_precision.hpp">
      <Filter>vendor\glm\glm\ext</Filter>
    </ClInclude>
    <ClInclude Include="vendor\glm\glm\ext\vector_double3.hpp">
      <Filter>vendor\glm\glm\ext</Filter>
    </ClInclude>
    <ClInclude Include="vendor\glm\glm\ext\vector_double3_precision.hpp">
      <Filter>vendor\glm\glm\ext</Filter>
    </ClInclude>
    <ClInclude Include="vendor\glm\glm\ext\vector_double4.hpp">
      <Filter>vendor\glm\glm\ext</Filter>
    </ClInclude>
    <ClInclude Include="vendor\glm\glm\ext\vector_double4_precision.hpp">
      <Filter>vendor\glm\glm\ext</Filter>
    </ClInclude>
    <ClInclude Include="vendor\glm\glm\ext\vector_float1.hpp">
      <Filter>vendor\glm\glm\ext</Filter>
    </ClInclude>
    <ClInclude Include="vendor\glm\glm\ext\vector_float1_precision.hpp">
      <Filter>vendor\glm\glm\ext</Filter>
    </ClInclude>
    <ClInclude Include="vendor\glm\glm\ext\vector_float2.hpp">
      <Filter>vendor\glm\glm\ext</Filter>
    </ClInclude>
    <ClInclude Include="vendor\glm\glm\ext\vector_float2_precision.hpp">
      <Filter>vendor\glm\glm\ext</Filter>
    </ClInclude>
    <ClInclude Include="vendor\glm\glm\ext\vector_float3.hpp">
      <Filter>vendor\glm\glm\ext</Filter>
    </ClInclude>
    <ClInclude Include="vendor\glm\glm\ext\vector_float3_precision.hpp">
      <Filter>vendor\glm\glm\ext</Filter>
    </ClInclude>
    <ClInclude Include="vendor\glm\glm\ext\vector_float4.hpp">
      <Filter>vendor\glm\glm\ext</Filter>
    </ClInclude>
    <ClInclude Include="vendor\glm\glm\ext\vector_float4_precision.hpp">
      <Filter>vendor\glm\glm\ext</Filter>
    </ClInclude>
    <ClInclude Include="vendor\glm\glm\ext\vector_int1.hpp">
      <Filter>vendor\glm\glm\ext</Filter>
    </ClInclude>
    <ClInclude Include="vendor\glm\glm\ext\vector_int1_sized.hpp">
      <Filter>vendor\glm\glm\ext</Filter>
    </ClInclude>
    <ClInclude Include="vendor\glm\glm\ext\vector_int2.hpp">
      <Filter>vendor\glm\glm\ext</Filter>
    </ClInclude>
    <ClInclude Include="vendor\glm\glm\ext\vector_int2_sized.hpp">
      <Filter>vendor\glm\glm\ext</Filter>
    </ClInclude>
    <ClInclude Include="vendor\glm\glm\ext\vector_int3.hpp">
      <Filter>vendor\glm\glm\ext</Filter>
    </ClInclude>
    <ClInclude Include="vendor\glm\glm\ext\vector_int3_sized.hpp">
      <Filter>vendor\glm\glm\ext</Filter>
    </ClInclude>
    <ClInclude Include="vendor\glm\glm\ext\vector_int4.hpp">
      <Filter>vendor\glm\glm\ext</Filter>
    </ClInclude>
    <ClInclude Include="vendor\glm\glm\ext\vector_int4_sized.hpp">
      <Filter>vendor\glm\glm\ext</Filter>
    </ClInclude>
    <ClInclude Include="vendor\glm\glm\ext\vector_integer.hpp">
      <Filter>vendor\glm\glm\ext</Filter>
    </ClInclude>
    <ClInclude Include="vendor\glm\glm\ext\vector_packing.hpp">
      <Filter>vendor\glm\glm\ext</Filter>
    </ClInclude>
    <ClInclude Include="vendor\glm\glm\ext\vector_reciprocal.hpp">
      <Filter>vendor\glm\glm\ext</Filter>
    </ClInclude>
    <ClInclude Include="vendor\glm\glm\ext\vector_relational.hpp">
      <Filter>vendor\glm\glm\ext</Filter>
    </ClInclude>
    <ClInclude Include="vendor\glm\glm\ext\vector_uint1.hpp">
      <Filter>vendor\glm\glm\ext</Filter>
    </ClInclude>
    <ClInclude Include="vendor\glm\glm\ext\vector_uint1_sized.hpp">
      <Filter>vendor\glm\glm\ext</Filter>
    </ClInclude>
    <ClInclude Include="vendor\glm\glm\ext\vector_uint2.hpp">
      <Filter>vendor\glm\glm\ext</Filter>
    </ClInclude>
    <ClInclude Include="vendor\glm\glm\ext\vector_uint2_sized.hpp">
      <Filter>vendor\glm\glm\ext</Filter>
    </ClInclude>
    <ClInclude Include="vendor\glm\glm\ext\vector_uint3.hpp">
      <Filter>vendor\glm\glm\ext</Filter>
    </ClInclude>
    <ClInclude Include="vendor\glm\glm\ext\vector_uint3_sized.hpp">
      <Filter>vendor\glm\glm\ext</Filter>
    </ClInclude>
    <ClInclude Include="vendor\glm\glm\ext\vector_uint4.hpp">
      <Filter>vendor\glm\glm\ext</Filter>
    </ClInclude>
    <ClInclude Include="vendor\glm\glm\ext\vector_uint4_sized.hpp">
      <Filter>vendor\glm\glm\ext</Filter>
    </ClInclude>
    <ClInclude Include="vendor\glm\glm\ext\vector_ulp.hpp">
      <Filter>vendor\glm\glm\ext</Filter>
    </ClInclude>
    <ClInclude Include="vendor\glm\glm\fwd.hpp">
      <Filter>vendor\glm\glm</Filter>
    </ClInclude>
    <ClInclude Include="vendor\glm\glm\geometric.hpp">
      <Filter>vendor\glm\glm</Filter>
    </ClInclude>
    <ClInclude Include="vendor\glm\glm\glm.hpp">
      <Filter>vendor\glm\glm</Filter>
    </ClInclude>
    <ClInclude Include="vendor\glm\glm\gtc\bitfield.hpp">
      <Filter>vendor\glm\glm\gtc</Filter>
    </ClInclude>
    <ClInclude Include="vendor\glm\glm\gtc\color_space.hpp">
      <Filter>vendor\glm\glm\gtc</Filter>
    </ClInclude>
    <ClInclude Include="vendor\glm\glm\gtc\constants.hpp">
      <Filter>vendor\glm\glm\gtc</Filter>
    </ClInclude>
    <ClInclude Include="vendor\glm\glm\gtc\epsilon.hpp">
      <Filter>vendor\glm\glm\gtc</Filter>
    </ClInclude>
    <ClInclude Include="vendor\glm\glm\gtc\integer.hpp">
      <Filter>vendor\glm\glm\gtc</Filter>
    </ClInclude>
    <ClInclude Include="vendor\glm\glm\gtc\matrix_access.hpp">
      <Filter>vendor\glm\glm\gtc</Filter>
    </ClInclude>
    <ClInclude Include="vendor\glm\glm\gtc\matrix_integer.hpp">
      <Filter>vendor\glm\glm\gtc</Filter>
    </ClInclude>
    <ClInclude Include="vendor\glm\glm\gtc\matrix_inverse.hpp">
      <Filter>vendor\glm\glm\gtc</Filter>
    </ClInclude>
    <ClInclude Include="vendor\glm\glm\gtc\matrix_transform.hpp">
      <Filter>vendor\glm\glm\gtc</Filter>
    </ClInclude>
    <ClInclude Include="vendor\glm\glm\gtc\noise.hpp">
      <Filter>vendor\glm\glm\gtc</Filter>
    </ClInclude>
    <ClInclude Include="vendor\glm\glm\gtc\packing.hpp">
      <Filter>vendor\glm\glm\gtc</Filter>
    </ClInclude>
    <ClInclude Include="vendor\glm\glm\gtc\quaternion.hpp">
      <Filter>vendor\glm\glm\gtc</Filter>
    </ClInclude>
    <ClInclude Include="vendor\glm\glm\gtc\random.hpp">
      <Filter>vendor\glm\glm\gtc</Filter>
    </ClInclude>
    <ClInclude Include="vendor\glm\glm\gtc\reciprocal.hpp">
      <Filter>vendor\glm\glm\gtc</Filter>
    </ClInclude>
    <ClInclude Include="vendor\glm\glm\gtc\round.hpp">
      <Filter>vendor\glm\glm\gtc</Filter>
    </ClInclude>
    <ClInclude Include="vendor\glm\glm\gtc\type_aligned.hpp">
      <Filter>vendor\glm\glm\gtc</Filter>
    </ClInclude>
    <ClInclude Include="vendor\glm\glm\gtc\type_precision.hpp">
      <Filter>vendor\glm\glm\gtc</Filter>
    </ClInclude>
    <ClInclude Include="vendor\glm\glm\gtc\type_ptr.hpp">
      <Filter>vendor\glm\glm\gtc</Filter>
    </ClInclude>
    <ClInclude Include="vendor\glm\glm\gtc\ulp.hpp">
      <Filter>vendor\glm\glm\gtc</Filter>
    </ClInclude>
    <ClInclude Include="vendor\glm\glm\gtc\vec1.hpp">
      <Filter>vendor\glm\glm\gtc</Filter>
    </ClInclude>
    <ClInclude Include="vendor\glm\glm\gtx\associated_min_max.hpp">
      <Filter>vendor\glm\glm\gtx</Filter>
    </ClInclude>
    <ClInclude Include="vendor\glm\glm\gtx\bit.hpp">
      <Filter>vendor\glm\glm\gtx</Filter>
    </ClInclude>
    <ClInclude Include="vendor\glm\glm\gtx\closest_point.hpp">
      <Filter>vendor\glm\glm\gtx</Filter>
    </ClInclude>
    <ClInclude Include="vendor\glm\glm\gtx\color_encoding.hpp">
      <Filter>vendor\glm\glm\gtx</Filter>
    </ClInclude>
    <ClInclude Include="vendor\glm\glm\gtx\color_space.hpp">
      <Filter>vendor\glm\glm\gtx</Filter>
    </ClInclude>
    <ClInclude Include="vendor\glm\glm\gtx\color_space_YCoCg.hpp">
      <Filter>vendor\glm\glm\gtx</Filter>
    </ClInclude>
    <ClInclude Include="vendor\glm\glm\gtx\common.hpp">
      <Filter>vendor\glm\glm\gtx</Filter>
    </ClInclude>
    <ClInclude Include="vendor\glm\glm\gtx\compatibility.hpp">
      <Filter>vendor\glm\glm\gtx</Filter>
    </ClInclude>
    <ClInclude Include="vendor\glm\glm\gtx\component_wise.hpp">
      <Filter>vendor\glm\glm\gtx</Filter>
    </ClInclude>
    <ClInclude Include="vendor\glm\glm\gtx\dual_quaternion.hpp">
      <Filter>vendor\glm\glm\gtx</Filter>
    </ClInclude>
    <ClInclude Include="vendor\glm\glm\gtx\easing.hpp">
      <Filter>vendor\glm\glm\gtx</Filter>
    </ClInclude>
    <ClInclude Include="vendor\glm\glm\gtx\euler_angles.hpp">
      <Filter>vendor\glm\glm\gtx</Filter>
    </ClInclude>
    <ClInclude Include="vendor\glm\glm\gtx\extend.hpp">
      <Filter>vendor\glm\glm\gtx</Filter>
    </ClInclude>
    <ClInclude Include="vendor\glm\glm\gtx\extended_min_max.hpp">
      <Filter>vendor\glm\glm\gtx</Filter>
    </ClInclude>
    <ClInclude Include="vendor\glm\glm\gtx\exterior_product.hpp">
      <Filter>vendor\glm\glm\gtx</Filter>
    </ClInclude>
    <ClInclude Include="vendor\glm\glm\gtx\fast_exponential.hpp">
      <Filter>vendor\glm\glm\gtx</Filter>
    </ClInclude>
    <ClInclude Include="vendor\glm\glm\gtx\fast_square_root.hpp">
      <Filter>vendor\glm\glm\gtx</Filter>
    </ClInclude>
    <ClInclude Include="vendor\glm\glm\gtx\fast_trigonometry.hpp">
      <Filter>vendor\glm\glm\gtx</Filter>
    </ClInclude>
    <ClInclude Include="vendor\glm\glm\gtx\functions.hpp">
      <Filter>vendor\glm\glm\gtx</Filter>
    </ClInclude>
    <ClInclude Include="vendor\glm\glm\gtx\gradient_paint.hpp">
      <Filter>vendor\glm\glm\gtx</Filter>
    </ClInclude>
    <ClInclude Include="vendor\glm\glm\gtx\handed_coordinate_space.hpp">
      <Filter>vendor\glm\glm\gtx</Filter>
    </ClInclude>
    <ClInclude Include="vendor\glm\glm\gtx\hash.hpp">
      <Filter>vendor\glm\glm\gtx</Filter>
    </ClInclude>
    <ClInclude Include="vendor\glm\glm\gtx\integer.hpp">
      <Filter>vendor\glm\glm\gtx</Filter>
    </ClInclude>
    <ClInclude Include="vendor\glm\glm\gtx\intersect.hpp">
      <Filter>vendor\glm\glm\gtx</Filter>
    </ClInclude>
    <ClInclude Include="vendor\glm\glm\gtx\io.hpp">
      <Filter>vendor\glm\glm\gtx</Filter>
    </ClInclude>
    <ClInclude Include="vendor\glm\glm\gtx\log_base.hpp">
      <Filter>vendor\glm\glm\gtx</Filter>
    </ClInclude>
    <ClInclude Include="vendor\glm\glm\gtx\matrix_cross_product.hpp">
      <Filter>vendor\glm\glm\gtx</Filter>
    </ClInclude>
    <ClInclude Include="vendor\glm\glm\gtx\matrix_decompose.hpp">
      <Filter>vendor\glm\glm\gtx</Filter>
    </ClInclude>
    <ClInclude Include="vendor\glm\glm\gtx\matrix_factorisation.hpp">
      <Filter>vendor\glm\glm\gtx</Filter>
    </ClInclude>
    <ClInclude Include="vendor\glm\glm\gtx\matrix_interpolation.hpp">
      <Filter>vendor\glm\glm\gtx</Filter>
    </ClInclude>
    <ClInclude Include="vendor\glm\glm\gtx\matrix_major_storage.hpp">
      <Filter>vendor\glm\glm\gtx</Filter>
    </ClInclude>
    <ClInclude Include="vendor\glm\glm\gtx\matrix_operation.hpp">
      <Filter>vendor\glm\glm\gtx</Filter>
    </ClInclude>
    <ClInclude Include="vendor\glm\glm\gtx\matrix_query.hpp">
      <Filter>vendor\glm\glm\gtx</Filter>
    </ClInclude>
    <ClInclude Include="vendor\glm\glm\gtx\matrix_transform_2d.hpp">
      <Filter>vendor\glm\glm\gtx</Filter>
    </ClInclude>
    <ClInclude Include="vendor\glm\glm\gtx\mixed_product.hpp">
      <Filter>vendor\glm\glm\gtx</Filter>
    </ClInclude>
    <ClInclude Include="vendor\glm\glm\gtx\norm.hpp">
      <Filter>vendor\glm\glm\gtx</Filter>
    </ClInclude>
    <ClInclude Include="vendor\glm\glm\gtx\normal.hpp">
      <Filter>vendor\glm\glm\gtx</Filter>
    </ClInclude>
    <ClInclude Include="vendor\glm\glm\gtx\normalize_dot.hpp">
      <Filter>vendor\glm\glm\gtx</Filter>
    </ClInclude>
    <ClInclude Include="vendor\glm\glm\gtx\number_precision.hpp">
      <Filter>vendor\glm\glm\gtx</Filter>
    </ClInclude>
    <ClInclude Include="vendor\glm\glm\gtx\optimum_pow.hpp">
      <Filter>vendor\glm\glm\gtx</Filter>
    </ClInclude>
    <ClInclude Include="vendor\glm\glm\gtx\orthonormalize.hpp">
      <Filter>vendor\glm\glm\gtx</Filter>
    </ClInclude>
    <ClInclude Include="vendor\glm\glm\gtx\pca.hpp">
      <Filter>vendor\glm\glm\gtx</Filter>
    </ClInclude>
    <ClInclude Include="vendor\glm\glm\gtx\perpendicular.hpp">
      <Filter>vendor\glm\glm\gtx</Filter>
    </ClInclude>
    <ClInclude Include="vendor\glm\glm\gtx\polar_coordinates.hpp">
      <Filter>vendor\glm\glm\gtx</Filter>
    </ClInclude>
    <ClInclude Include="vendor\glm\glm\gtx\projection.hpp">
      <Filter>vendor\glm\glm\gtx</Filter>
    </ClInclude>
    <ClInclude Include="vendor\glm\glm\gtx\quaternion.hpp">
      <Filter>vendor\glm\glm\gtx</Filter>
    </ClInclude>
    <ClInclude Include="vendor\glm\glm\gtx\range.hpp">
      <Filter>vendor\glm\glm\gtx</Filter>
    </ClInclude>
    <ClInclude Include="vendor\glm\glm\gtx\raw_data.hpp">
      <Filter>vendor\glm\glm\gtx</Filter>
    </ClInclude>
    <ClInclude Include="vendor\glm\glm\gtx\rotate_normalized_axis.hpp">
      <Filter>vendor\glm\glm\gtx</Filter>
    </ClInclude>
    <ClInclude Include="vendor\glm\glm\gtx\rotate_vector.hpp">
      <Filter>vendor\glm\glm\gtx</Filter>
    </ClInclude>
    <ClInclude Include="vendor\glm\glm\gtx\scalar_multiplication.hpp">
      <Filter>vendor\glm\glm\gtx</Filter>
    </ClInclude>
    <ClInclude Include="vendor\glm\glm\gtx\scalar_relational.hpp">
      <Filter>vendor\glm\glm\gtx</Filter>
    </ClInclude>
    <ClInclude Include="vendor\glm\glm\gtx\spline.hpp">
      <Filter>vendor\glm\glm\gtx</Filter>
    </ClInclude>
    <ClInclude Include="vendor\glm\glm\gtx\std_based_type.hpp">
      <Filter>vendor\glm\glm\gtx</Filter>
    </ClInclude>
    <ClInclude Include="vendor\glm\glm\gtx\string_cast.hpp">
      <Filter>vendor\glm\glm\gtx</Filter>
    </ClInclude>
    <ClInclude Include="vendor\glm\glm\gtx\texture.hpp">
      <Filter>vendor\glm\glm\gtx</Filter>
    </ClInclude>
    <ClInclude Include="vendor\glm\glm\gtx\transform.hpp">
      <Filter>vendor\glm\glm\gtx</Filter>
    </ClInclude>
    <ClInclude Include="vendor\glm\glm\gtx\transform2.hpp">
      <Filter>vendor\glm\glm\gtx</Filter>
    </ClInclude>
    <ClInclude Include="vendor\glm\glm\gtx\type_aligned.hpp">
      <Filter>vendor\glm\glm\gtx</Filter>
    </ClInclude>
    <ClInclude Include="vendor\glm\glm\gtx\type_trait.hpp">
      <Filter>vendor\glm\glm\gtx</Filter>
    </ClInclude>
    <ClInclude Include="vendor\glm\glm\gtx\vec_swizzle.hpp">
      <Filter>vendor\glm\glm\gtx</Filter>
    </ClInclude>
    <ClInclude Include="vendor\glm\glm\gtx\vector_angle.hpp">
      <Filter>vendor\glm\glm\gtx</Filter>
    </ClInclude>
    <ClInclude Include="vendor\glm\glm\gtx\vector_query.hpp">
      <Filter>vendor\glm\glm\gtx</Filter>
    </ClInclude>
    <ClInclude Include="vendor\glm\glm\gtx\wrap.hpp">
      <Filter>vendor\glm\glm\gtx</Filter>
    </ClInclude>
    <ClInclude Include="vendor\glm\glm\integer.hpp">
      <Filter>vendor\glm\glm</Filter>
    </ClInclude>
    <ClInclude Include="vendor\glm\glm\mat2x2.hpp">
      <Filter>vendor\glm\glm</Filter>
    </ClInclude>
    <ClInclude Include="vendor\glm\glm\mat2x3.hpp">
      <Filter>vendor\glm\glm</Filter>
    </ClInclude>
    <ClInclude Include="vendor\glm\glm\mat2x4.hpp">
      <Filter>vendor\glm\glm</Filter>
    </ClInclude>
    <ClInclude Include="vendor\glm\glm\mat3x2.hpp">
      <Filter>vendor\glm\glm</Filter>
    </ClInclude>
    <ClInclude Include="vendor\glm\glm\mat3x3.hpp">
      <Filter>vendor\glm\glm</Filter>
    </ClInclude>
    <ClInclude Include="vendor\glm\glm\mat3x4.hpp">
      <Filter>vendor\glm\glm</Filter>
    </ClInclude>
    <ClInclude Include="vendor\glm\glm\mat4x2.hpp">
      <Filter>vendor\glm\glm</Filter>
    </ClInclude>
    <ClInclude Include="vendor\glm\glm\mat4x3.hpp">
      <Filter>vendor\glm\glm</Filter>
    </ClInclude>
    <ClInclude Include="vendor\glm\glm\mat4x4.hpp">
      <Filter>vendor\glm\glm</Filter>
    </ClInclude>
    <ClInclude Include="vendor\glm\glm\matrix.hpp">
      <Filter>vendor\glm\glm</Filter>
    </ClInclude>
    <ClInclude Include="vendor\glm\glm\packing.hpp">
      <Filter>vendor\glm\glm</Filter>
    </ClInclude>
    <ClInclude Include="vendor\glm\glm\simd\common.h">
      <Filter>vendor\glm\glm\simd</Filter>
    </ClInclude>
    <ClInclude Include="vendor\glm\glm\simd\exponential.h">
      <Filter>vendor\glm\glm\simd</Filter>
    </ClInclude>
    <ClInclude Include="vendor\glm\glm\simd\geometric.h">
      <Filter>vendor\glm\glm\simd</Filter>
    </ClInclude>
    <ClInclude Include="vendor\glm\glm\simd\integer.h">
      <Filter>vendor\glm\glm\simd</Filter>
    </ClInclude>
    <ClInclude Include="vendor\glm\glm\simd\matrix.h">
      <Filter>vendor\glm\glm\simd</Filter>
    </ClInclude>
    <ClInclude Include="vendor\glm\glm\simd\neon.h">
      <Filter>vendor\glm\glm\simd</Filter>
    </ClInclude>
    <ClInclude Include="vendor\glm\glm\simd\packing.h">
      <Filter>vendor\glm\glm\simd</Filter>
    </ClInclude>
    <ClInclude Include="vendor\glm\glm\simd\platform.h">
      <Filter>vendor\glm\glm\simd</Filter>
    </ClInclude>
    <ClInclude Include="vendor\glm\glm\simd\trigonometric.h">
      <Filter>vendor\glm\glm\simd</Filter>
    </ClInclude>
    <ClInclude Include="vendor\glm\glm\simd\vector_relational.h">
      <Filter>vendor\glm\glm\simd</Filter>
    </ClInclude>
    <ClInclude Include="vendor\glm\glm\trigonometric.hpp">
      <Filter>vendor\glm\glm</Filter>
    </ClInclude>
    <ClInclude Include="vendor\glm\glm\vec2.hpp">
      <Filter>vendor\glm\glm</Filter>
    </ClInclude>
    <ClInclude Include="vendor\glm\glm\vec3.hpp">
      <Filter>vendor\glm\glm</Filter>
    </ClInclude>
    <ClInclude Include="vendor\glm\glm\vec4.hpp">
      <Filter>vendor\glm\glm</Filter>
    </ClInclude>
    <ClInclude Include="vendor\glm\glm\vector_relational.hpp">
      <Filter>vendor\glm\glm</Filter>
    </ClInclude>
    <ClInclude Include="vendor\spdlog\spdlog\async.h">
      <Filter>vendor\spdlog\spdlog</Filter>
    </ClInclude>
    <ClInclude Include="vendor\spdlog\spdlog\async_logger-inl.h">
      <Filter>vendor\spdlog\spdlog</Filter>
    </ClInclude>
    <ClInclude Include="vendor\spdlog\spdlog\async_logger.h">
      <Filter>vendor\spdlog\spdlog</Filter>
    </ClInclude>
    <ClInclude Include="vendor\spdlog\spdlog\cfg\argv.h">
      <Filter>vendor\spdlog\spdlog\cfg</Filter>
    </ClInclude>
    <ClInclude Include="vendor\spdlog\spdlog\cfg\env.h">
      <Filter>vendor\spdlog\spdlog\cfg</Filter>
    </ClInclude>
    <ClInclude Include="vendor\spdlog\spdlog\cfg\helpers-inl.h">
      <Filter>vendor\spdlog\spdlog\cfg</Filter>
    </ClInclude>
    <ClInclude Include="vendor\spdlog\spdlog\cfg\helpers.h">
      <Filter>vendor\spdlog\spdlog\cfg</Filter>
    </ClInclude>
    <ClInclude Include="vendor\spdlog\spdlog\common-inl.h">
      <Filter>vendor\spdlog\spdlog</Filter>
    </ClInclude>
    <ClInclude Include="vendor\spdlog\spdlog\common.h">
      <Filter>vendor\spdlog\spdlog</Filter>
    </ClInclude>
    <ClInclude Include="vendor\spdlog\spdlog\details\backtracer-inl.h">
      <Filter>vendor\spdlog\spdlog\details</Filter>
    </ClInclude>
    <ClInclude Include="vendor\spdlog\spdlog\details\backtracer.h">
      <Filter>vendor\spdlog\spdlog\details</Filter>
    </ClInclude>
    <ClInclude Include="vendor\spdlog\spdlog\details\circular_q.h">
      <Filter>vendor\spdlog\spdlog\details</Filter>
    </ClInclude>
    <ClInclude Include="vendor\spdlog\spdlog\details\console_globals.h">
      <Filter>vendor\spdlog\spdlog\details</Filter>
    </ClInclude>
    <ClInclude Include="vendor\spdlog\spdlog\details\file_helper-inl.h">
      <Filter>vendor\spdlog\spdlog\details</Filter>
    </ClInclude>
    <ClInclude Include="vendor\spdlog\spdlog\details\file_helper.h">
      <Filter>vendor\spdlog\spdlog\details</Filter>
    </ClInclude>
    <ClInclude Include="vendor\spdlog\spdlog\details\fmt_helper.h">
      <Filter>vendor\spdlog\spdlog\details</Filter>
    </ClInclude>
    <ClInclude Include="vendor\spdlog\spdlog\details\log_msg-inl.h">
      <Filter>vendor\spdlog\spdlog\details</Filter>
    </ClInclude>
    <ClInclude Include="vendor\spdlog\spdlog\details\log_msg.h">
      <Filter>vendor\spdlog\spdlog\details</Filter>
    </ClInclude>
    <ClInclude Include="vendor\spdlog\spdlog\details\log_msg_buffer-inl.h">
      <Filter>vendor\spdlog\spdlog\details</Filter>
    </ClInclude>
    <ClInclude Include="vendor\spdlog\spdlog\details\log_msg_buffer.h">
      <Filter>vendor\spdlog\spdlog\details</Filter>
    </ClInclude>
    <ClInclude Include="vendor\spdlog\spdlog\details\mpmc_blocking_q.h">
      <Filter>vendor\spdlog\spdlog\details</Filter>
    </ClInclude>
    <ClInclude Include="vendor\spdlog\spdlog\details\null_mutex.h">
      <Filter>vendor\spdlog\spdlog\details</Filter>
    </ClInclude>
    <ClInclude Include="vendor\spdlog\spdlog\details\os-inl.h">
      <Filter>vendor\spdlog\spdlog\details</Filter>
    </ClInclude>
    <ClInclude Include="vendor\spdlog\spdlog\details\os.h">
      <Filter>vendor\spdlog\spdlog\details</Filter>
    </ClInclude>
    <ClInclude Include="vendor\spdlog\spdlog\details\periodic_worker-inl.h">
      <Filter>vendor\spdlog\spdlog\details</Filter>
    </ClInclude>
    <ClInclude Include="vendor\spdlog\spdlog\details\periodic_worker.h">
      <Filter>vendor\spdlog\spdlog\details</Filter>
    </ClInclude>
    <ClInclude Include="vendor\spdlog\spdlog\details\registry-inl.h">
      <Filter>vendor\spdlog\spdlog\details</Filter>
    </ClInclude>
    <ClInclude Include="vendor\spdlog\spdlog\details\registry.h">
      <Filter>vendor\spdlog\spdlog\details</Filter>
    </ClInclude>
    <ClInclude Include="vendor\spdlog\spdlog\details\synchronous_factory.h">
      <Filter>vendor\spdlog\spdlog\details</Filter>
    </ClInclude>
    <ClInclude Include="vendor\spdlog\spdlog\details\tcp_client-windows.h">
      <Filter>vendor\spdlog\spdlog\details</Filter>
    </ClInclude>
    <ClInclude Include="vendor\spdlog\spdlog\details\tcp_client.h">
      <Filter>vendor\spdlog\spdlog\details</Filter>
    </ClInclude>
    <ClInclude Include="vendor\spdlog\spdlog\details\thread_pool-inl.h">
      <Filter>vendor\spdlog\spdlog\details</Filter>
    </ClInclude>
    <ClInclude Include="vendor\spdlog\spdlog\details\thread_pool.h">
      <Filter>vendor\spdlog\spdlog\details</Filter>
    </ClInclude>
    <ClInclude Include="vendor\spdlog\spdlog\details\windows_include.h">
      <Filter>vendor\spdlog\spdlog\details</Filter>
    </ClInclude>
    <ClInclude Include="vendor\spdlog\spdlog\fmt\bin_to_hex.h">
      <Filter>vendor\spdlog\spdlog\fmt</Filter>
    </ClInclude>
    <ClInclude Include="vendor\spdlog\spdlog\fmt\bundled\args.h">
      <Filter>vendor\spdlog\spdlog\fmt\bundled</Filter>
    </ClInclude>
    <ClInclude Include="vendor\spdlog\spdlog\fmt\bundled\chrono.h">
      <Filter>vendor\spdlog\spdlog\fmt\bundled</Filter>
    </ClInclude>
    <ClInclude Include="vendor\spdlog\spdlog\fmt\bundled\color.h">
      <Filter>vendor\spdlog\spdlog\fmt\bundled</Filter>
    </ClInclude>
    <ClInclude Include="vendor\spdlog\spdlog\fmt\bundled\compile.h">
      <Filter>vendor\spdlog\spdlog\fmt\bundled</Filter>
    </ClInclude>
    <ClInclude Include="vendor\spdlog\spdlog\fmt\bundled\core.h">
      <Filter>vendor\spdlog\spdlog\fmt\bundled</Filter>
    </ClInclude>
    <ClInclude Include="vendor\spdlog\spdlog\fmt\bundled\format-inl.h">
      <Filter>vendor\spdlog\spdlog\fmt\bundled</Filter>
    </ClInclude>
    <ClInclude Include="vendor\spdlog\spdlog\fmt\bundled\format.h">
      <Filter>vendor\spdlog\spdlog\fmt\bundled</Filter>
    </ClInclude>
    <ClInclude Include="vendor\spdlog\spdlog\fmt\bundled\locale.h">
      <Filter>vendor\spdlog\spdlog\fmt\bundled</Filter>
    </ClInclude>
    <ClInclude Include="vendor\spdlog\spdlog\fmt\bundled\os.h">
      <Filter>vendor\spdlog\spdlog\fmt\bundled</Filter>
    </ClInclude>
    <ClInclude Include="vendor\spdlog\spdlog\fmt\bundled\ostream.h">
      <Filter>vendor\spdlog\spdlog\fmt\bundled</Filter>
    </ClInclude>
    <ClInclude Include="vendor\spdlog\spdlog\fmt\bundled\printf.h">
      <Filter>vendor\spdlog\spdlog\fmt\bundled</Filter>
    </ClInclude>
    <ClInclude Include="vendor\spdlog\spdlog\fmt\bundled\ranges.h">
      <Filter>vendor\spdlog\spdlog\fmt\bundled</Filter>
    </ClInclude>
    <ClInclude Include="vendor\spdlog\spdlog\fmt\bundled\xchar.h">
      <Filter>vendor\spdlog\spdlog\fmt\bundled</Filter>
    </ClInclude>
    <ClInclude Include="vendor\spdlog\spdlog\fmt\chrono.h">
      <Filter>vendor\spdlog\spdlog\fmt</Filter>
    </ClInclude>
    <ClInclude Include="vendor\spdlog\spdlog\fmt\fmt.h">
      <Filter>vendor\spdlog\spdlog\fmt</Filter>
    </ClInclude>
    <ClInclude Include="vendor\spdlog\spdlog\fmt\ostr.h">
      <Filter>vendor\spdlog\spdlog\fmt</Filter>
    </ClInclude>
    <ClInclude Include="vendor\spdlog\spdlog\formatter.h">
      <Filter>vendor\spdlog\spdlog</Filter>
    </ClInclude>
    <ClInclude Include="vendor\spdlog\spdlog\fwd.h">
      <Filter>vendor\spdlog\spdlog</Filter>
    </ClInclude>
    <ClInclude Include="vendor\spdlog\spdlog\logger-inl.h">
      <Filter>vendor\spdlog\spdlog</Filter>
    </ClInclude>
    <ClInclude Include="vendor\spdlog\spdlog\logger.h">
      <Filter>vendor\spdlog\spdlog</Filter>
    </ClInclude>
    <ClInclude Include="vendor\spdlog\spdlog\pattern_formatter-inl.h">
      <Filter>vendor\spdlog\spdlog</Filter>
    </ClInclude>
    <ClInclude Include="vendor\spdlog\spdlog\pattern_formatter.h">
      <Filter>vendor\spdlog\spdlog</Filter>
    </ClInclude>
    <ClInclude Include="vendor\spdlog\spdlog\sinks\android_sink.h">
      <Filter>vendor\spdlog\spdlog\sinks</Filter>
    </ClInclude>
    <ClInclude Include="vendor\spdlog\spdlog\sinks\ansicolor_sink-inl.h">
      <Filter>vendor\spdlog\spdlog\sinks</Filter>
    </ClInclude>
    <ClInclude Include="vendor\spdlog\spdlog\sinks\ansicolor_sink.h">
      <Filter>vendor\spdlog\spdlog\sinks</Filter>
    </ClInclude>
    <ClInclude Include="vendor\spdlog\spdlog\sinks\base_sink-inl.h">
      <Filter>vendor\spdlog\spdlog\sinks</Filter>
    </ClInclude>
    <ClInclude Include="vendor\spdlog\spdlog\sinks\base_sink.h">
      <Filter>vendor\spdlog\spdlog\sinks</Filter>
    </ClInclude>
    <ClInclude Include="vendor\spdlog\spdlog\sinks\basic_file_sink-inl.h">
      <Filter>vendor\spdlog\spdlog\sinks</Filter>
    </ClInclude>
    <ClInclude Include="vendor\spdlog\spdlog\sinks\basic_file_sink.h">
      <Filter>vendor\spdlog\spdlog\sinks</Filter>
    </ClInclude>
    <ClInclude Include="vendor\spdlog\spdlog\sinks\daily_file_sink.h">
      <Filter>vendor\spdlog\spdlog\sinks</Filter>
    </ClInclude>
    <ClInclude Include="vendor\spdlog\spdlog\sinks\dist_sink.h">
      <Filter>vendor\spdlog\spdlog\sinks</Filter>
    </ClInclude>
    <ClInclude Include="vendor\spdlog\spdlog\sinks\dup_filter_sink.h">
      <Filter>vendor\spdlog\spdlog\sinks</Filter>
    </ClInclude>
    <ClInclude Include="vendor\spdlog\spdlog\sinks\hourly_file_sink.h">
      <Filter>vendor\spdlog\spdlog\sinks</Filter>
    </ClInclude>
    <ClInclude Include="vendor\spdlog\spdlog\sinks\msvc_sink.h">
      <Filter>vendor\spdlog\spdlog\sinks</Filter>
    </ClInclude>
    <ClInclude Include="vendor\spdlog\spdlog\sinks\null_sink.h">
      <Filter>vendor\spdlog\spdlog\sinks</Filter>
    </ClInclude>
    <ClInclude Include="vendor\spdlog\spdlog\sinks\ostream_sink.h">
      <Filter>vendor\spdlog\spdlog\sinks</Filter>
    </ClInclude>
    <ClInclude Include="vendor\spdlog\spdlog\sinks\ringbuffer_sink.h">
      <Filter>vendor\spdlog\spdlog\sinks</Filter>
    </ClInclude>
    <ClInclude Include="vendor\spdlog\spdlog\sinks\rotating_file_sink-inl.h">
      <Filter>vendor\spdlog\spdlog\sinks</Filter>
    </ClInclude>
    <ClInclude Include="vendor\spdlog\spdlog\sinks\rotating_file_sink.h">
      <Filter>vendor\spdlog\spdlog\sinks</Filter>
    </ClInclude>
    <ClInclude Include="vendor\spdlog\spdlog\sinks\sink-inl.h">
      <Filter>vendor\spdlog\spdlog\sinks</Filter>
    </ClInclude>
    <ClInclude Include="vendor\spdlog\spdlog\sinks\sink.h">
      <Filter>vendor\spdlog\spdlog\sinks</Filter>
    </ClInclude>
    <ClInclude Include="vendor\spdlog\spdlog\sinks\stdout_color_sinks-inl.h">
      <Filter>vendor\spdlog\spdlog\sinks</Filter>
    </ClInclude>
    <ClInclude Include="vendor\spdlog\spdlog\sinks\stdout_color_sinks.h">
      <Filter>vendor\spdlog\spdlog\sinks</Filter>
    </ClInclude>
    <ClInclude Include="vendor\spdlog\spdlog\sinks\stdout_sinks-inl.h">
      <Filter>vendor\spdlog\spdlog\sinks</Filter>
    </ClInclude>
    <ClInclude Include="vendor\spdlog\spdlog\sinks\stdout_sinks.h">
      <Filter>vendor\spdlog\spdlog\sinks</Filter>
    </ClInclude>
    <ClInclude Include="vendor\spdlog\spdlog\sinks\syslog_sink.h">
      <Filter>vendor\spdlog\spdlog\sinks</Filter>
    </ClInclude>
    <ClInclude Include="vendor\spdlog\spdlog\sinks\systemd_sink.h">
      <Filter>vendor\spdlog\spdlog\sinks</Filter>
    </ClInclude>
    <ClInclude Include="vendor\spdlog\spdlog\sinks\tcp_sink.h">
      <Filter>vendor\spdlog\spdlog\sinks</Filter>
    </ClInclude>
    <ClInclude Include="vendor\spdlog\spdlog\sinks\win_eventlog_sink.h">
      <Filter>vendor\spdlog\spdlog\sinks</Filter>
    </ClInclude>
    <ClInclude Include="vendor\spdlog\spdlog\sinks\wincolor_sink-inl.h">
      <Filter>vendor\spdlog\spdlog\sinks</Filter>
    </ClInclude>
    <ClInclude Include="vendor\spdlog\spdlog\sinks\wincolor_sink.h">
      <Filter>vendor\spdlog\spdlog\sinks</Filter>
    </ClInclude>
    <ClInclude Include="vendor\spdlog\spdlog\spdlog-inl.h">
      <Filter>vendor\spdlog\spdlog</Filter>
    </ClInclude>
    <ClInclude Include="vendor\spdlog\spdlog\spdlog.h">
      <Filter>vendor\spdlog\spdlog</Filter>
    </ClInclude>
    <ClInclude Include="vendor\spdlog\spdlog\stopwatch.h">
      <Filter>vendor\spdlog\spdlog</Filter>
    </ClInclude>
    <ClInclude Include="vendor\spdlog\spdlog\tweakme.h">
      <Filter>vendor\spdlog\spdlog</Filter>
    </ClInclude>
    <ClInclude Include="vendor\spdlog\spdlog\version.h">
      <Filter>vendor\spdlog\spdlog</Filter>
    </ClInclude>
  </ItemGroup>
  <ItemGroup>
    <ClCompile Include="src\Core.cpp">
      <Filter>src</Filter>
    </ClCompile>
    <ClCompile Include="src\Globals.cpp">
      <Filter>src</Filter>
    </ClCompile>
    <ClCompile Include="src\MDML.cpp">
      <Filter>src</Filter>
    </ClCompile>
    <ClCompile Include="src\Mod\Mod.cpp">
      <Filter>src\Mod</Filter>
    </ClCompile>
    <ClCompile Include="src\Mod\ModLoader.cpp">
      <Filter>src\Mod</Filter>
    </ClCompile>
    <ClCompile Include="src\Mod\ModStack.cpp">
      <Filter>src\Mod</Filter>
    </ClCompile>
    <ClCompile Include="src\UI\ImGuiColorTextEdit\TextEditor.cpp">
      <Filter>src\UI\ImGuiColorTextEdit</Filter>
    </ClCompile>
    <ClCompile Include="src\UI\LoaderUI.cpp">
      <Filter>src\UI</Filter>
    </ClCompile>
    <ClCompile Include="src\Utilities\Dumper.cpp">
      <Filter>src\Utilities</Filter>
    </ClCompile>
    <ClCompile Include="src\Utilities\EngineDefFinder.cpp">
      <Filter>src\Utilities</Filter>
    </ClCompile>
    <ClCompile Include="src\Utilities\HooksManager.cpp">
      <Filter>src\Utilities</Filter>
    </ClCompile>
    <ClCompile Include="src\Utilities\Logger.cpp">
      <Filter>src\Utilities</Filter>
    </ClCompile>
    <ClCompile Include="src\dllmain.cpp">
      <Filter>src</Filter>
    </ClCompile>
    <ClCompile Include="vendor\ImGui\imgui\imgui.cpp">
      <Filter>vendor\ImGui\imgui</Filter>
    </ClCompile>
    <ClCompile Include="vendor\ImGui\imgui\imgui_demo.cpp">
      <Filter>vendor\ImGui\imgui</Filter>
    </ClCompile>
    <ClCompile Include="vendor\ImGui\imgui\imgui_draw.cpp">
      <Filter>vendor\ImGui\imgui</Filter>
    </ClCompile>
    <ClCompile Include="vendor\ImGui\imgui\imgui_impl_dx11.cpp">
      <Filter>vendor\ImGui\imgui</Filter>
    </ClCompile>
    <ClCompile Include="vendor\ImGui\imgui\imgui_impl_win32.cpp">
      <Filter>vendor\ImGui\imgui</Filter>
    </ClCompile>
    <ClCompile Include="vendor\ImGui\imgui\imgui_stdlib.cpp">
      <Filter>vendor\ImGui\imgui</Filter>
    </ClCompile>
    <ClCompile Include="vendor\ImGui\imgui\imgui_tables.cpp">
      <Filter>vendor\ImGui\imgui</Filter>
    </ClCompile>
    <ClCompile Include="vendor\ImGui\imgui\imgui_widgets.cpp">
      <Filter>vendor\ImGui\imgui</Filter>
    </ClCompile>
    <ClCompile Include="vendor\glm\glm\detail\glm.cpp">
      <Filter>vendor\glm\glm\detail</Filter>
    </ClCompile>
  </ItemGroup>
</Project>