<?xml version="1.0" encoding="utf-8"?>
<Project ToolsVersion="4.0" xmlns="http://schemas.microsoft.com/developer/msbuild/2003">
  <ItemGroup>
    <ClCompile Include="dllmain.cpp" />
    <ClCompile Include="..\ModLoader\UE4\CoreUObject_functions.cpp">
      <Filter>UE4</Filter>
    </ClCompile>
    <ClCompile Include="..\ModLoader\UE4\Basic.cpp">
      <Filter>UE4</Filter>
    </ClCompile>
    <ClCompile Include="src\BaseMod.cpp">
      <Filter>Mod</Filter>
    </ClCompile>
  </ItemGroup>
  <ItemGroup>
    <ClInclude Include="..\ModLoader\UE4\Ue4.hpp">
      <Filter>UE4</Filter>
    </ClInclude>
    <ClInclude Include="src\BaseMod.h">
      <Filter>Mod</Filter>
    </ClInclude>
    <ClInclude Include="src\Utils.h">
      <Filter>Mod</Filter>
    </ClInclude>
  </ItemGroup>
  <ItemGroup>
    <Filter Include="UE4">
      <UniqueIdentifier>{088c3756-0766-43ef-91de-277835d3cdf6}</UniqueIdentifier>
    </Filter>
    <Filter Include="Mod">
      <UniqueIdentifier>{8d7d50ad-fc57-48e5-98e5-65590e534bb3}</UniqueIdentifier>
    </Filter>
  </ItemGroup>
</Project>