<?xml version="1.0" encoding="utf-8"?>
<Project ToolsVersion="4.0" xmlns="http://schemas.microsoft.com/developer/msbuild/2003">
  <ItemGroup>
    <Filter Include="ModLoader">
      <UniqueIdentifier>{3C282D37-A892-E1AD-F1D0-92535D7ABF02}</UniqueIdentifier>
    </Filter>
    <Filter Include="ModLoader\src">
      <UniqueIdentifier>{53A4DADD-BF64-5614-889F-9F91F41E9BF0}</UniqueIdentifier>
    </Filter>
    <Filter Include="ModLoader\src\UE4">
      <UniqueIdentifier>{50CE85D8-BCE4-836E-055C-0F9071B154F6}</UniqueIdentifier>
    </Filter>
    <Filter Include="ModLoader\src\UE4\Engine">
      <UniqueIdentifier>{D57EAA09-C1A3-F989-EAEE-DE19D672F8A7}</UniqueIdentifier>
    </Filter>
    <Filter Include="ModLoader\src\UE4\GameFramework">
      <UniqueIdentifier>{8779BB6E-F35C-CAAE-FC5F-F8EA68C290FF}</UniqueIdentifier>
    </Filter>
    <Filter Include="ModLoader\src\UE4\Kismet">
      <UniqueIdentifier>{8C9C5517-78C1-A497-A10C-8A278D90A3B5}</UniqueIdentifier>
    </Filter>
    <Filter Include="ModLoader\src\UE4\UObject">
      <UniqueIdentifier>{CB25F4C5-37E8-2750-8098-B6DCEC99002E}</UniqueIdentifier>
    </Filter>
    <Filter Include="src">
      <UniqueIdentifier>{2DAB880B-99B4-887C-2230-9F7C8E38947C}</UniqueIdentifier>
    </Filter>
  </ItemGroup>
  <ItemGroup>
    <ClInclude Include="..\ModLoader\src\UE4\Ue4.hpp">
      <Filter>ModLoader\src\UE4</Filter>
    </ClInclude>
    <ClInclude Include="src\BaseMod.h">
      <Filter>src</Filter>
    </ClInclude>
    <ClInclude Include="src\Defs.h">
      <Filter>src</Filter>
    </ClInclude>
    <ClInclude Include="src\Utils.h">
      <Filter>src</Filter>
    </ClInclude>
  </ItemGroup>
  <ItemGroup>
    <ClCompile Include="..\ModLoader\src\UE4\Engine\UserDefinedEnum.cpp">
      <Filter>ModLoader\src\UE4\Engine</Filter>
    </ClCompile>
    <ClCompile Include="..\ModLoader\src\UE4\Engine\World.cpp">
      <Filter>ModLoader\src\UE4\Engine</Filter>
    </ClCompile>
    <ClCompile Include="..\ModLoader\src\UE4\GameFramework\Actor.cpp">
      <Filter>ModLoader\src\UE4\GameFramework</Filter>
    </ClCompile>
    <ClCompile Include="..\ModLoader\src\UE4\Kismet\GameplayStatics.cpp">
      <Filter>ModLoader\src\UE4\Kismet</Filter>
    </ClCompile>
    <ClCompile Include="..\ModLoader\src\UE4\UObject\Class.cpp">
      <Filter>ModLoader\src\UE4\UObject</Filter>
    </ClCompile>
    <ClCompile Include="..\ModLoader\src\UE4\UObject\CoreTypes.cpp">
      <Filter>ModLoader\src\UE4\UObject</Filter>
    </ClCompile>
    <ClCompile Include="..\ModLoader\src\UE4\UObject\Object.cpp">
      <Filter>ModLoader\src\UE4\UObject</Filter>
    </ClCompile>
    <ClCompile Include="..\ModLoader\src\UE4\UObject\UnrealType.cpp">
      <Filter>ModLoader\src\UE4\UObject</Filter>
    </ClCompile>
    <ClCompile Include="dllmain.cpp" />
    <ClCompile Include="src\BaseMod.cpp">
      <Filter>src</Filter>
    </ClCompile>
  </ItemGroup>
</Project>