<?xml version="1.0" encoding="utf-8"?>
<Project ToolsVersion="4.0" xmlns="http://schemas.microsoft.com/developer/msbuild/2003">
  <ItemGroup>
    <Filter Include="ModLoader">
      <UniqueIdentifier>{3C282D37-A892-E1AD-F1D0-92535D7ABF02}</UniqueIdentifier>
    </Filter>
    <Filter Include="ModLoader\UE4">
      <UniqueIdentifier>{B91EDADD-25DF-5514-EE19-9F915A999AF0}</UniqueIdentifier>
    </Filter>
    <Filter Include="src">
      <UniqueIdentifier>{2DAB880B-99B4-887C-2230-9F7C8E38947C}</UniqueIdentifier>
    </Filter>
  </ItemGroup>
  <ItemGroup>
    <ClInclude Include="..\ModLoader\UE4\Basic.hpp">
      <Filter>ModLoader\UE4</Filter>
    </ClInclude>
    <ClInclude Include="..\ModLoader\UE4\CoreUObject_classes.hpp">
      <Filter>ModLoader\UE4</Filter>
    </ClInclude>
    <ClInclude Include="..\ModLoader\UE4\CoreUObject_parameters.hpp">
      <Filter>ModLoader\UE4</Filter>
    </ClInclude>
    <ClInclude Include="..\ModLoader\UE4\CoreUObject_structs.hpp">
      <Filter>ModLoader\UE4</Filter>
    </ClInclude>
    <ClInclude Include="..\ModLoader\UE4\Ue4.hpp">
      <Filter>ModLoader\UE4</Filter>
    </ClInclude>
    <ClInclude Include="src\BaseMod.h">
      <Filter>src</Filter>
    </ClInclude>
    <ClInclude Include="src\Utils.h">
      <Filter>src</Filter>
    </ClInclude>
  </ItemGroup>
  <ItemGroup>
    <ClCompile Include="..\ModLoader\UE4\Basic.cpp">
      <Filter>ModLoader\UE4</Filter>
    </ClCompile>
    <ClCompile Include="..\ModLoader\UE4\CoreUObject_functions.cpp">
      <Filter>ModLoader\UE4</Filter>
    </ClCompile>
    <ClCompile Include="dllmain.cpp" />
    <ClCompile Include="src\BaseMod.cpp">
      <Filter>src</Filter>
    </ClCompile>
  </ItemGroup>
</Project>